
Microsoft Visual Studio Solution File, Format Version 12.00
# Visual Studio Version 17
VisualStudioVersion = 17.3.32922.545
MinimumVisualStudioVersion = 10.0.40219.1
Project("{FAE04EC0-301F-11D3-BF4B-00C04F79EFBC}") = "CurrencyRateAPI", "CurrencyRateAPI\CurrencyRateAPI.csproj", "{76505852-329F-4104-B3DA-60D5C728F834}"
EndProject
Global
	GlobalSection(SolutionConfigurationPlatforms) = preSolution
		Debug|Any CPU = Debug|Any CPU
		Release|Any CPU = Release|Any CPU
	EndGlobalSection
	GlobalSection(ProjectConfigurationPlatforms) = postSolution
		{76505852-329F-4104-B3DA-60D5C728F834}.Debug|Any CPU.ActiveCfg = Debug|Any CPU
		{76505852-329F-4104-B3DA-60D5C728F834}.Debug|Any CPU.Build.0 = Debug|Any CPU
		{76505852-329F-4104-B3DA-60D5C728F834}.Release|Any CPU.ActiveCfg = Release|Any CPU
		{76505852-329F-4104-B3DA-60D5C728F834}.Release|Any CPU.Build.0 = Release|Any CPU
	EndGlobalSection
	GlobalSection(SolutionProperties) = preSolution
		HideSolutionNode = FALSE
	EndGlobalSection
	GlobalSection(ExtensibilityGlobals) = postSolution
		SolutionGuid = {BF164FBE-1C5E-4E0D-AD64-CFC8F6354C43}
	EndGlobalSection
EndGlobal
